
Microsoft Visual Studio Solution File, Format Version 12.00
# Visual Studio Version 17
VisualStudioVersion = 17.12.35527.113 d17.12
MinimumVisualStudioVersion = 10.0.40219.1
Project("{FAE04EC0-301F-11D3-BF4B-00C04F79EFBC}") = "LSC.MentorByKarthik.API", "LSC.MentorByKarthik.API.csproj", "{6AA3550C-1FDC-4438-BAE4-9FAEA63DEC69}"
EndProject
Project("{FAE04EC0-301F-11D3-BF4B-00C04F79EFBC}") = "LSC.MentorByKarthik.Application", "..\LSC.MentorByKarthik.Application\LSC.MentorByKarthik.Application.csproj", "{9EA2575B-4F6D-4A8F-B50C-92601BAF9272}"
EndProject
Project("{FAE04EC0-301F-11D3-BF4B-00C04F79EFBC}") = "LSC.MentorByKarthik.Domain", "..\LSC.MentorByKarthik.Domain\LSC.MentorByKarthik.Domain.csproj", "{2D3A4E48-7A7D-49B0-8B1A-B47B0C906D0F}"
EndProject
Project("{FAE04EC0-301F-11D3-BF4B-00C04F79EFBC}") = "LSC.MentorByKarthik.Infrastructure", "..\LSC.MentorByKarthik.Infrastructure\LSC.MentorByKarthik.Infrastructure.csproj", "{CBBB59C3-1DC8-483F-91AB-4B67322F3638}"
EndProject
Global
	GlobalSection(SolutionConfigurationPlatforms) = preSolution
		Debug|Any CPU = Debug|Any CPU
		Release|Any CPU = Release|Any CPU
	EndGlobalSection
	GlobalSection(ProjectConfigurationPlatforms) = postSolution
		{6AA3550C-1FDC-4438-BAE4-9FAEA63DEC69}.Debug|Any CPU.ActiveCfg = Debug|Any CPU
		{6AA3550C-1FDC-4438-BAE4-9FAEA63DEC69}.Debug|Any CPU.Build.0 = Debug|Any CPU
		{6AA3550C-1FDC-4438-BAE4-9FAEA63DEC69}.Release|Any CPU.ActiveCfg = Release|Any CPU
		{6AA3550C-1FDC-4438-BAE4-9FAEA63DEC69}.Release|Any CPU.Build.0 = Release|Any CPU
		{9EA2575B-4F6D-4A8F-B50C-92601BAF9272}.Debug|Any CPU.ActiveCfg = Debug|Any CPU
		{9EA2575B-4F6D-4A8F-B50C-92601BAF9272}.Debug|Any CPU.Build.0 = Debug|Any CPU
		{9EA2575B-4F6D-4A8F-B50C-92601BAF9272}.Release|Any CPU.ActiveCfg = Release|Any CPU
		{9EA2575B-4F6D-4A8F-B50C-92601BAF9272}.Release|Any CPU.Build.0 = Release|Any CPU
		{2D3A4E48-7A7D-49B0-8B1A-B47B0C906D0F}.Debug|Any CPU.ActiveCfg = Debug|Any CPU
		{2D3A4E48-7A7D-49B0-8B1A-B47B0C906D0F}.Debug|Any CPU.Build.0 = Debug|Any CPU
		{2D3A4E48-7A7D-49B0-8B1A-B47B0C906D0F}.Release|Any CPU.ActiveCfg = Release|Any CPU
		{2D3A4E48-7A7D-49B0-8B1A-B47B0C906D0F}.Release|Any CPU.Build.0 = Release|Any CPU
		{CBBB59C3-1DC8-483F-91AB-4B67322F3638}.Debug|Any CPU.ActiveCfg = Debug|Any CPU
		{CBBB59C3-1DC8-483F-91AB-4B67322F3638}.Debug|Any CPU.Build.0 = Debug|Any CPU
		{CBBB59C3-1DC8-483F-91AB-4B67322F3638}.Release|Any CPU.ActiveCfg = Release|Any CPU
		{CBBB59C3-1DC8-483F-91AB-4B67322F3638}.Release|Any CPU.Build.0 = Release|Any CPU
	EndGlobalSection
	GlobalSection(SolutionProperties) = preSolution
		HideSolutionNode = FALSE
	EndGlobalSection
EndGlobal
